// !$*UTF8*$!
{
	archiveVersion = 1;
	classes = {
	};
	objectVersion = 46;
	objects = {

/* Begin PBXBuildFile section */
		29C50C551C2D360800DE8BBD /* main.m in Sources */ = {isa = PBXBuildFile; fileRef = 29C50C541C2D360800DE8BBD /* main.m */; };
		29C50C581C2D360800DE8BBD /* AppDelegate.m in Sources */ = {isa = PBXBuildFile; fileRef = 29C50C571C2D360800DE8BBD /* AppDelegate.m */; };
		29C50C5B1C2D360800DE8BBD /* ViewController.m in Sources */ = {isa = PBXBuildFile; fileRef = 29C50C5A1C2D360800DE8BBD /* ViewController.m */; };
		29C50C5E1C2D360800DE8BBD /* Main.storyboard in Resources */ = {isa = PBXBuildFile; fileRef = 29C50C5C1C2D360800DE8BBD /* Main.storyboard */; };
		29C50C601C2D360800DE8BBD /* Assets.xcassets in Resources */ = {isa = PBXBuildFile; fileRef = 29C50C5F1C2D360800DE8BBD /* Assets.xcassets */; };
		29C50C631C2D360800DE8BBD /* LaunchScreen.storyboard in Resources */ = {isa = PBXBuildFile; fileRef = 29C50C611C2D360800DE8BBD /* LaunchScreen.storyboard */; };
/* End PBXBuildFile section */

/* Begin PBXFileReference section */
		29C50C501C2D360800DE8BBD /* SudoKuDemo.app */ = {isa = PBXFileReference; explicitFileType = wrapper.application; includeInIndex = 0; path = SudoKuDemo.app; sourceTree = BUILT_PRODUCTS_DIR; };
		29C50C541C2D360800DE8BBD /* main.m */ = {isa = PBXFileReference; lastKnownFileType = sourcecode.c.objc; path = main.m; sourceTree = "<group>"; };
		29C50C561C2D360800DE8BBD /* AppDelegate.h */ = {isa = PBXFileReference; lastKnownFileType = sourcecode.c.h; path = AppDelegate.h; sourceTree = "<group>"; };
		29C50C571C2D360800DE8BBD /* AppDelegate.m */ = {isa = PBXFileReference; lastKnownFileType = sourcecode.c.objc; path = AppDelegate.m; sourceTree = "<group>"; };
		29C50C591C2D360800DE8BBD /* ViewController.h */ = {isa = PBXFileReference; lastKnownFileType = sourcecode.c.h; path = ViewController.h; sourceTree = "<group>"; };
		29C50C5A1C2D360800DE8BBD /* ViewController.m */ = {isa = PBXFileReference; lastKnownFileType = sourcecode.c.objc; path = ViewController.m; sourceTree = "<group>"; };
		29C50C5D1C2D360800DE8BBD /* Base */ = {isa = PBXFileReference; lastKnownFileType = file.storyboard; name = Base; path = Base.lproj/Main.storyboard; sourceTree = "<group>"; };
		29C50C5F1C2D360800DE8BBD /* Assets.xcassets */ = {isa = PBXFileReference; lastKnownFileType = folder.assetcatalog; path = Assets.xcassets; sourceTree = "<group>"; };
		29C50C621C2D360800DE8BBD /* Base */ = {isa = PBXFileReference; lastKnownFileType = file.storyboard; name = Base; path = Base.lproj/LaunchScreen.storyboard; sourceTree = "<group>"; };
		29C50C641C2D360800DE8BBD /* Info.plist */ = {isa = PBXFileReference; lastKnownFileType = text.plist.xml; path = Info.plist; sourceTree = "<group>"; };
		29C50C6D1C2D37A100DE8BBD /* Screen.h */ = {isa = PBXFileReference; lastKnownFileType = sourcecode.c.h; path = Screen.h; sourceTree = "<group>"; };
/* End PBXFileReference section */

/* Begin PBXFrameworksBuildPhase section */
		29C50C4D1C2D360800DE8BBD /* Frameworks */ = {
			isa = PBXFrameworksBuildPhase;
			buildActionMask = 2147483647;
			files = (
			);
			runOnlyForDeploymentPostprocessing = 0;
		};
/* End PBXFrameworksBuildPhase section */

/* Begin PBXGroup section */
		29C50C471C2D360800DE8BBD = {
			isa = PBXGroup;
			children = (
				29C50C6C1C2D370C00DE8BBD /* General utilities */,
				29C50C521C2D360800DE8BBD /* SudoKuDemo */,
				29C50C511C2D360800DE8BBD /* Products */,
			);
			sourceTree = "<group>";
		};
		29C50C511C2D360800DE8BBD /* Products */ = {
			isa = PBXGroup;
			children = (
				29C50C501C2D360800DE8BBD /* SudoKuDemo.app */,
			);
			name = Products;
			sourceTree = "<group>";
		};
		29C50C521C2D360800DE8BBD /* SudoKuDemo */ = {
			isa = PBXGroup;
			children = (
				29C50C561C2D360800DE8BBD /* AppDelegate.h */,
				29C50C571C2D360800DE8BBD /* AppDelegate.m */,
				29C50C591C2D360800DE8BBD /* ViewController.h */,
				29C50C5A1C2D360800DE8BBD /* ViewController.m */,
				29C50C5C1C2D360800DE8BBD /* Main.storyboard */,
				29C50C5F1C2D360800DE8BBD /* Assets.xcassets */,
				29C50C611C2D360800DE8BBD /* LaunchScreen.storyboard */,
				29C50C641C2D360800DE8BBD /* Info.plist */,
				29C50C531C2D360800DE8BBD /* Supporting Files */,
			);
			path = SudoKuDemo;
			sourceTree = "<group>";
		};
		29C50C531C2D360800DE8BBD /* Supporting Files */ = {
			isa = PBXGroup;
			children = (
				29C50C541C2D360800DE8BBD /* main.m */,
			);
			name = "Supporting Files";
			sourceTree = "<group>";
		};
		29C50C6C1C2D370C00DE8BBD /* General utilities */ = {
			isa = PBXGroup;
			children = (
				29C50C6D1C2D37A100DE8BBD /* Screen.h */,
			);
			name = "General utilities";
			path = SudoKuDemo;
			sourceTree = "<group>";
		};
/* End PBXGroup section */

/* Begin PBXNativeTarget section */
		29C50C4F1C2D360800DE8BBD /* SudoKuDemo */ = {
			isa = PBXNativeTarget;
			buildConfigurationList = 29C50C671C2D360800DE8BBD /* Build configuration list for PBXNativeTarget "SudoKuDemo" */;
			buildPhases = (
				29C50C4C1C2D360800DE8BBD /* Sources */,
				29C50C4D1C2D360800DE8BBD /* Frameworks */,
				29C50C4E1C2D360800DE8BBD /* Resources */,
			);
			buildRules = (
			);
			dependencies = (
			);
			name = SudoKuDemo;
			productName = SudoKuDemo;
			productReference = 29C50C501C2D360800DE8BBD /* SudoKuDemo.app */;
			productType = "com.apple.product-type.application";
		};
/* End PBXNativeTarget section */

/* Begin PBXProject section */
		29C50C481C2D360800DE8BBD /* Project object */ = {
			isa = PBXProject;
			attributes = {
				LastUpgradeCheck = 0710;
				ORGANIZATIONNAME = wbder;
				TargetAttributes = {
					29C50C4F1C2D360800DE8BBD = {
						CreatedOnToolsVersion = 7.1.1;
					};
				};
			};
			buildConfigurationList = 29C50C4B1C2D360800DE8BBD /* Build configuration list for PBXProject "SudoKuDemo" */;
			compatibilityVersion = "Xcode 3.2";
			developmentRegion = English;
			hasScannedForEncodings = 0;
			knownRegions = (
				en,
				Base,
			);
			mainGroup = 29C50C471C2D360800DE8BBD;
			productRefGroup = 29C50C511C2D360800DE8BBD /* Products */;
			projectDirPath = "";
			projectRoot = "";
			targets = (
				29C50C4F1C2D360800DE8BBD /* SudoKuDemo */,
			);
		};
/* End PBXProject section */

/* Begin PBXResourcesBuildPhase section */
		29C50C4E1C2D360800DE8BBD /* Resources */ = {
			isa = PBXResourcesBuildPhase;
			buildActionMask = 2147483647;
			files = (
				29C50C631C2D360800DE8BBD /* LaunchScreen.storyboard in Resources */,
				29C50C601C2D360800DE8BBD /* Assets.xcassets in Resources */,
				29C50C5E1C2D360800DE8BBD /* Main.storyboard in Resources */,
			);
			runOnlyForDeploymentPostprocessing = 0;
		};
/* End PBXResourcesBuildPhase section */

/* Begin PBXSourcesBuildPhase section */
		29C50C4C1C2D360800DE8BBD /* Sources */ = {
			isa = PBXSourcesBuildPhase;
			buildActionMask = 2147483647;
			files = (
				29C50C5B1C2D360800DE8BBD /* ViewController.m in Sources */,
				29C50C581C2D360800DE8BBD /* AppDelegate.m in Sources */,
				29C50C551C2D360800DE8BBD /* main.m in Sources */,
			);
			runOnlyForDeploymentPostprocessing = 0;
		};
/* End PBXSourcesBuildPhase section */

/* Begin PBXVariantGroup section */
		29C50C5C1C2D360800DE8BBD /* Main.storyboard */ = {
			isa = PBXVariantGroup;
			children = (
				29C50C5D1C2D360800DE8BBD /* Base */,
			);
			name = Main.storyboard;
			sourceTree = "<group>";
		};
		29C50C611C2D360800DE8BBD /* LaunchScreen.storyboard */ = {
			isa = PBXVariantGroup;
			children = (
				29C50C621C2D360800DE8BBD /* Base */,
			);
			name = LaunchScreen.storyboard;
			sourceTree = "<group>";
		};
/* End PBXVariantGroup section */

/* Begin XCBuildConfiguration section */
		29C50C651C2D360800DE8BBD /* Debug */ = {
			isa = XCBuildConfiguration;
			buildSettings = {
				ALWAYS_SEARCH_USER_PATHS = NO;
				CLANG_CXX_LANGUAGE_STANDARD = "gnu++0x";
				CLANG_CXX_LIBRARY = "libc++";
				CLANG_ENABLE_MODULES = YES;
				CLANG_ENABLE_OBJC_ARC = YES;
				CLANG_WARN_BOOL_CONVERSION = YES;
				CLANG_WARN_CONSTANT_CONVERSION = YES;
				CLANG_WARN_DIRECT_OBJC_ISA_USAGE = YES_ERROR;
				CLANG_WARN_EMPTY_BODY = YES;
				CLANG_WARN_ENUM_CONVERSION = YES;
				CLANG_WARN_INT_CONVERSION = YES;
				CLANG_WARN_OBJC_ROOT_CLASS = YES_ERROR;
				CLANG_WARN_UNREACHABLE_CODE = YES;
				CLANG_WARN__DUPLICATE_METHOD_MATCH = YES;
				"CODE_SIGN_IDENTITY[sdk=iphoneos*]" = "iPhone Developer";
				COPY_PHASE_STRIP = NO;
				DEBUG_INFORMATION_FORMAT = dwarf;
				ENABLE_STRICT_OBJC_MSGSEND = YES;
				ENABLE_TESTABILITY = YES;
				GCC_C_LANGUAGE_STANDARD = gnu99;
				GCC_DYNAMIC_NO_PIC = NO;
				GCC_NO_COMMON_BLOCKS = YES;
				GCC_OPTIMIZATION_LEVEL = 0;
				GCC_PREPROCESSOR_DEFINITIONS = (
					"DEBUG=1",
					"$(inherited)",
				);
				GCC_WARN_64_TO_32_BIT_CONVERSION = YES;
				GCC_WARN_ABOUT_RETURN_TYPE = YES_ERROR;
				GCC_WARN_UNDECLARED_SELECTOR = YES;
				GCC_WARN_UNINITIALIZED_AUTOS = YES_AGGRESSIVE;
				GCC_WARN_UNUSED_FUNCTION = YES;
				GCC_WARN_UNUSED_VARIABLE = YES;
				IPHONEOS_DEPLOYMENT_TARGET = 9.1;
				MTL_ENABLE_DEBUG_INFO = YES;
				ONLY_ACTIVE_ARCH = YES;
				SDKROOT = iphoneos;
			};
			name = Debug;
		};
		29C50C661C2D360800DE8BBD /* Release */ = {
			isa = XCBuildConfiguration;
			buildSettings = {
				ALWAYS_SEARCH_USER_PATHS = NO;
				CLANG_CXX_LANGUAGE_STANDARD = "gnu++0x";
				CLANG_CXX_LIBRARY = "libc++";
				CLANG_ENABLE_MODULES = YES;
				CLANG_ENABLE_OBJC_ARC = YES;
				CLANG_WARN_BOOL_CONVERSION = YES;
				CLANG_WARN_CONSTANT_CONVERSION = YES;
				CLANG_WARN_DIRECT_OBJC_ISA_USAGE = YES_ERROR;
				CLANG_WARN_EMPTY_BODY = YES;
				CLANG_WARN_ENUM_CONVERSION = YES;
				CLANG_WARN_INT_CONVERSION = YES;
				CLANG_WARN_OBJC_ROOT_CLASS = YES_ERROR;
				CLANG_WARN_UNREACHABLE_CODE = YES;
				CLANG_WARN__DUPLICATE_METHOD_MATCH = YES;
				"CODE_SIGN_IDENTITY[sdk=iphoneos*]" = "iPhone Developer";
				COPY_PHASE_STRIP = NO;
				DEBUG_INFORMATION_FORMAT = "dwarf-with-dsym";
				ENABLE_NS_ASSERTIONS = NO;
				ENABLE_STRICT_OBJC_MSGSEND = YES;
				GCC_C_LANGUAGE_STANDARD = gnu99;
				GCC_NO_COMMON_BLOCKS = YES;
				GCC_WARN_64_TO_32_BIT_CONVERSION = YES;
				GCC_WARN_ABOUT_RETURN_TYPE = YES_ERROR;
				GCC_WARN_UNDECLARED_SELECTOR = YES;
				GCC_WARN_UNINITIALIZED_AUTOS = YES_AGGRESSIVE;
				GCC_WARN_UNUSED_FUNCTION = YES;
				GCC_WARN_UNUSED_VARIABLE = YES;
				IPHONEOS_DEPLOYMENT_TARGET = 9.1;
				MTL_ENABLE_DEBUG_INFO = NO;
				SDKROOT = iphoneos;
				VALIDATE_PRODUCT = YES;
			};
			name = Release;
		};
		29C50C681C2D360800DE8BBD /* Debug */ = {
			isa = XCBuildConfiguration;
			buildSettings = {
				ASSETCATALOG_COMPILER_APPICON_NAME = AppIcon;
				INFOPLIST_FILE = SudoKuDemo/Info.plist;
				LD_RUNPATH_SEARCH_PATHS = "$(inherited) @executable_path/Frameworks";
				PRODUCT_BUNDLE_IDENTIFIER = "com.techbridge-inc.SudoKuDemo";
				PRODUCT_NAME = "$(TARGET_NAME)";
			};
			name = Debug;
		};
		29C50C691C2D360800DE8BBD /* Release */ = {
			isa = XCBuildConfiguration;
			buildSettings = {
				ASSETCATALOG_COMPILER_APPICON_NAME = AppIcon;
				INFOPLIST_FILE = SudoKuDemo/Info.plist;
				LD_RUNPATH_SEARCH_PATHS = "$(inherited) @executable_path/Frameworks";
				PRODUCT_BUNDLE_IDENTIFIER = "com.techbridge-inc.SudoKuDemo";
				PRODUCT_NAME = "$(TARGET_NAME)";
			};
			name = Release;
		};
/* End XCBuildConfiguration section */

/* Begin XCConfigurationList section */
		29C50C4B1C2D360800DE8BBD /* Build configuration list for PBXProject "SudoKuDemo" */ = {
			isa = XCConfigurationList;
			buildConfigurations = (
				29C50C651C2D360800DE8BBD /* Debug */,
				29C50C661C2D360800DE8BBD /* Release */,
			);
			defaultConfigurationIsVisible = 0;
			defaultConfigurationName = Release;
		};
		29C50C671C2D360800DE8BBD /* Build configuration list for PBXNativeTarget "SudoKuDemo" */ = {
			isa = XCConfigurationList;
			buildConfigurations = (
				29C50C681C2D360800DE8BBD /* Debug */,
				29C50C691C2D360800DE8BBD /* Release */,
			);
			defaultConfigurationIsVisible = 0;
		};
/* End XCConfigurationList section */
	};
	rootObject = 29C50C481C2D360800DE8BBD /* Project object */;
}
